
Microsoft Visual Studio Solution File, Format Version 12.00
# Visual Studio Version 16
VisualStudioVersion = 16.0.30907.101
MinimumVisualStudioVersion = 10.0.40219.1
Project("{FAE04EC0-301F-11D3-BF4B-00C04F79EFBC}") = "ListaSupermercado", "ListaSupermercado\ListaSupermercado.csproj", "{3AE4FB40-3906-44D0-B77E-FFE329B35898}"
EndProject
Global
	GlobalSection(SolutionConfigurationPlatforms) = preSolution
		Debug|Any CPU = Debug|Any CPU
		Release|Any CPU = Release|Any CPU
	EndGlobalSection
	GlobalSection(ProjectConfigurationPlatforms) = postSolution
		{3AE4FB40-3906-44D0-B77E-FFE329B35898}.Debug|Any CPU.ActiveCfg = Debug|Any CPU
		{3AE4FB40-3906-44D0-B77E-FFE329B35898}.Debug|Any CPU.Build.0 = Debug|Any CPU
		{3AE4FB40-3906-44D0-B77E-FFE329B35898}.Release|Any CPU.ActiveCfg = Release|Any CPU
		{3AE4FB40-3906-44D0-B77E-FFE329B35898}.Release|Any CPU.Build.0 = Release|Any CPU
	EndGlobalSection
	GlobalSection(SolutionProperties) = preSolution
		HideSolutionNode = FALSE
	EndGlobalSection
	GlobalSection(ExtensibilityGlobals) = postSolution
		SolutionGuid = {CB8F469C-9CD2-4DA8-9B38-2184DFAAB617}
	EndGlobalSection
EndGlobal
